
Microsoft Visual Studio Solution File, Format Version 12.00
# Visual Studio 14
VisualStudioVersion = 14.0.24720.0
MinimumVisualStudioVersion = 10.0.40219.1
Project("{2150E333-8FDC-42A3-9474-1A3956D46DE8}") = "src", "src", "{6BFE59E8-09A6-4918-9ADF-7C1E72CD6188}"
EndProject
Project("{2150E333-8FDC-42A3-9474-1A3956D46DE8}") = "Solution Items", "Solution Items", "{86D05A75-6EDC-4DBB-BC00-403883E53BAE}"
	ProjectSection(SolutionItems) = preProject
		global.json = global.json
	EndProjectSection
EndProject
Project("{8BB2217D-0F2D-49D1-97BC-3654ED321F3B}") = "NewSupplierSP", "src\NewSupplierSP\NewSupplierSP.xproj", "{ADD4CD59-696D-44C2-93A0-7362DBC43558}"
EndProject
Global
	GlobalSection(SolutionConfigurationPlatforms) = preSolution
		Debug|Any CPU = Debug|Any CPU
		Release|Any CPU = Release|Any CPU
	EndGlobalSection
	GlobalSection(ProjectConfigurationPlatforms) = postSolution
		{ADD4CD59-696D-44C2-93A0-7362DBC43558}.Debug|Any CPU.ActiveCfg = Debug|Any CPU
		{ADD4CD59-696D-44C2-93A0-7362DBC43558}.Debug|Any CPU.Build.0 = Debug|Any CPU
		{ADD4CD59-696D-44C2-93A0-7362DBC43558}.Release|Any CPU.ActiveCfg = Release|Any CPU
		{ADD4CD59-696D-44C2-93A0-7362DBC43558}.Release|Any CPU.Build.0 = Release|Any CPU
	EndGlobalSection
	GlobalSection(SolutionProperties) = preSolution
		HideSolutionNode = FALSE
	EndGlobalSection
	GlobalSection(NestedProjects) = preSolution
		{ADD4CD59-696D-44C2-93A0-7362DBC43558} = {6BFE59E8-09A6-4918-9ADF-7C1E72CD6188}
	EndGlobalSection
EndGlobal
